{
  "name": "data-sender",
  "lockfileVersion": 2,
  "requires": true,
  "packages": {
    "": {
      "dependencies": {
        "@azure/service-bus": "^7.7.3"
      }
    },
    "node_modules/@azure/abort-controller": {
      "version": "1.1.0",
      "resolved": "https://domoreexp.pkgs.visualstudio.com/_packaging/npm-mirror/npm/registry/@azure/abort-controller/-/abort-controller-1.1.0.tgz",
      "integrity": "sha1-eI7nhFelWvihrTQqyxgjg9IRkkk=",
      "license": "MIT",
      "dependencies": {
        "tslib": "^2.2.0"
      },
      "engines": {
        "node": ">=12.0.0"
      }
    },
    "node_modules/@azure/core-amqp": {
      "version": "3.2.0",
      "resolved": "https://domoreexp.pkgs.visualstudio.com/_packaging/npm-mirror/npm/registry/@azure/core-amqp/-/core-amqp-3.2.0.tgz",
      "integrity": "sha1-+R9lgi2II7Z6TIB8A08EH0xkyqU=",
      "license": "MIT",
      "dependencies": {
        "@azure/abort-controller": "^1.0.0",
        "@azure/core-auth": "^1.3.0",
        "@azure/core-util": "^1.1.1",
        "@azure/logger": "^1.0.0",
        "buffer": "^6.0.0",
        "events": "^3.0.0",
        "jssha": "^3.1.0",
        "process": "^0.11.10",
        "rhea": "^2.0.3",
        "rhea-promise": "^2.1.0",
        "tslib": "^2.2.0",
        "url": "^0.11.0",
        "util": "^0.12.1"
      },
      "engines": {
        "node": ">=14.0.0"
      }
    },
    "node_modules/@azure/core-auth": {
      "version": "1.4.0",
      "resolved": "https://domoreexp.pkgs.visualstudio.com/_packaging/npm-mirror/npm/registry/@azure/core-auth/-/core-auth-1.4.0.tgz",
      "integrity": "sha1-b6lmHBcFhXgg28IW31ulZlrDap4=",
      "license": "MIT",
      "dependencies": {
        "@azure/abort-controller": "^1.0.0",
        "tslib": "^2.2.0"
      },
      "engines": {
        "node": ">=12.0.0"
      }
    },
    "node_modules/@azure/core-client": {
      "version": "1.6.1",
      "resolved": "https://domoreexp.pkgs.visualstudio.com/_packaging/npm-mirror/npm/registry/@azure/core-client/-/core-client-1.6.1.tgz",
      "integrity": "sha1-oarT98abbl2d3bOfq666AT6skxM=",
      "license": "MIT",
      "dependencies": {
        "@azure/abort-controller": "^1.0.0",
        "@azure/core-auth": "^1.4.0",
        "@azure/core-rest-pipeline": "^1.9.1",
        "@azure/core-tracing": "^1.0.0",
        "@azure/core-util": "^1.0.0",
        "@azure/logger": "^1.0.0",
        "tslib": "^2.2.0"
      },
      "engines": {
        "node": ">=12.0.0"
      }
    },
    "node_modules/@azure/core-paging": {
      "version": "1.4.0",
      "resolved": "https://domoreexp.pkgs.visualstudio.com/_packaging/npm-mirror/npm/registry/@azure/core-paging/-/core-paging-1.4.0.tgz",
      "integrity": "sha1-sEpzrRgUlzOoSMMIml5e0URZIzg=",
      "license": "MIT",
      "dependencies": {
        "tslib": "^2.2.0"
      },
      "engines": {
        "node": ">=14.0.0"
      }
    },
    "node_modules/@azure/core-rest-pipeline": {
      "version": "1.10.0",
      "resolved": "https://domoreexp.pkgs.visualstudio.com/_packaging/npm-mirror/npm/registry/@azure/core-rest-pipeline/-/core-rest-pipeline-1.10.0.tgz",
      "integrity": "sha1-EsbRYBxaWYuMzze7fF2vQh9/fqk=",
      "license": "MIT",
      "dependencies": {
        "@azure/abort-controller": "^1.0.0",
        "@azure/core-auth": "^1.4.0",
        "@azure/core-tracing": "^1.0.1",
        "@azure/core-util": "^1.0.0",
        "@azure/logger": "^1.0.0",
        "form-data": "^4.0.0",
        "http-proxy-agent": "^5.0.0",
        "https-proxy-agent": "^5.0.0",
        "tslib": "^2.2.0",
        "uuid": "^8.3.0"
      },
      "engines": {
        "node": ">=14.0.0"
      }
    },
    "node_modules/@azure/core-tracing": {
      "version": "1.0.1",
      "resolved": "https://domoreexp.pkgs.visualstudio.com/_packaging/npm-mirror/npm/registry/@azure/core-tracing/-/core-tracing-1.0.1.tgz",
      "integrity": "sha1-NSo4y+pDjEqDyGsxT0gBfXC6lQM=",
      "license": "MIT",
      "dependencies": {
        "tslib": "^2.2.0"
      },
      "engines": {
        "node": ">=12.0.0"
      }
    },
    "node_modules/@azure/core-util": {
      "version": "1.1.1",
      "resolved": "https://domoreexp.pkgs.visualstudio.com/_packaging/npm-mirror/npm/registry/@azure/core-util/-/core-util-1.1.1.tgz",
      "integrity": "sha1-j4ez3UaHld8PCEnZ8JbD57KUUsE=",
      "license": "MIT",
      "dependencies": {
        "@azure/abort-controller": "^1.0.0",
        "tslib": "^2.2.0"
      },
      "engines": {
        "node": ">=12.0.0"
      }
    },
    "node_modules/@azure/core-xml": {
      "version": "1.3.1",
      "resolved": "https://domoreexp.pkgs.visualstudio.com/_packaging/npm-mirror/npm/registry/@azure/core-xml/-/core-xml-1.3.1.tgz",
      "integrity": "sha1-zuGvBDY6niyX3N+WLX7ZXTmp85Y=",
      "license": "MIT",
      "dependencies": {
        "fast-xml-parser": "^4.0.8",
        "tslib": "^2.2.0"
      },
      "engines": {
        "node": ">=14.0.0"
      }
    },
    "node_modules/@azure/logger": {
      "version": "1.0.3",
      "resolved": "https://domoreexp.pkgs.visualstudio.com/_packaging/npm-mirror/npm/registry/@azure/logger/-/logger-1.0.3.tgz",
      "integrity": "sha1-bjZwSqUb59ShuuJHMepYCDYpPJY=",
      "license": "MIT",
      "dependencies": {
        "tslib": "^2.2.0"
      },
      "engines": {
        "node": ">=12.0.0"
      }
    },
    "node_modules/@azure/service-bus": {
      "version": "7.7.3",
      "resolved": "https://domoreexp.pkgs.visualstudio.com/_packaging/npm-mirror/npm/registry/@azure/service-bus/-/service-bus-7.7.3.tgz",
      "integrity": "sha1-D4Rdb/0n2Ze3vA3xpZdGV+fbMlc=",
      "license": "MIT",
      "dependencies": {
        "@azure/abort-controller": "^1.0.0",
        "@azure/core-amqp": "^3.1.0",
        "@azure/core-auth": "^1.3.0",
        "@azure/core-client": "^1.0.0",
        "@azure/core-paging": "^1.4.0",
        "@azure/core-rest-pipeline": "^1.1.0",
        "@azure/core-tracing": "^1.0.0",
        "@azure/core-util": "^1.1.1",
        "@azure/core-xml": "^1.0.0",
        "@azure/logger": "^1.0.0",
        "@types/is-buffer": "^2.0.0",
        "buffer": "^6.0.0",
        "is-buffer": "^2.0.3",
        "jssha": "^3.1.0",
        "long": "^5.2.0",
        "process": "^0.11.10",
        "rhea-promise": "^2.1.0",
        "tslib": "^2.2.0"
      },
      "engines": {
        "node": ">=14.0.0"
      }
    },
    "node_modules/@tootallnate/once": {
      "version": "2.0.0",
      "resolved": "https://domoreexp.pkgs.visualstudio.com/_packaging/npm-mirror/npm/registry/@tootallnate/once/-/once-2.0.0.tgz",
      "integrity": "sha1-9UShSNOrNYAcH2M6dEH9h8LkhL8=",
      "license": "MIT",
      "engines": {
        "node": ">= 10"
      }
    },
    "node_modules/@types/is-buffer": {
      "version": "2.0.0",
      "resolved": "https://domoreexp.pkgs.visualstudio.com/_packaging/npm-mirror/npm/registry/@types/is-buffer/-/is-buffer-2.0.0.tgz",
      "integrity": "sha1-lN5NI1QGRt5fXfLNNGocFiBn6lo=",
      "license": "MIT",
      "dependencies": {
        "@types/node": "*"
      }
    },
    "node_modules/@types/node": {
      "version": "18.11.10",
      "resolved": "https://domoreexp.pkgs.visualstudio.com/_packaging/npm-mirror/npm/registry/@types/node/-/node-18.11.10.tgz",
      "integrity": "sha1-TGR1nzwjQ7fmxLnK92HHo6Bc7jQ=",
      "license": "MIT"
    },
    "node_modules/agent-base": {
      "version": "6.0.2",
      "resolved": "https://domoreexp.pkgs.visualstudio.com/_packaging/npm-mirror/npm/registry/agent-base/-/agent-base-6.0.2.tgz",
      "integrity": "sha1-Sf/1hXfP7j83F2/qtMIuAPhtf3c=",
      "license": "MIT",
      "dependencies": {
        "debug": "4"
      },
      "engines": {
        "node": ">= 6.0.0"
      }
    },
    "node_modules/asynckit": {
      "version": "0.4.0",
      "resolved": "https://domoreexp.pkgs.visualstudio.com/_packaging/npm-mirror/npm/registry/asynckit/-/asynckit-0.4.0.tgz",
      "integrity": "sha1-x57Zf380y48robyXkLzDZkdLS3k=",
      "license": "MIT"
    },
    "node_modules/available-typed-arrays": {
      "version": "1.0.5",
      "resolved": "https://domoreexp.pkgs.visualstudio.com/_packaging/npm-mirror/npm/registry/available-typed-arrays/-/available-typed-arrays-1.0.5.tgz",
      "integrity": "sha1-kvlWFlAQadB9EO2y/DfT4cZRI7c=",
      "license": "MIT",
      "engines": {
        "node": ">= 0.4"
      },
      "funding": {
        "url": "https://github.com/sponsors/ljharb"
      }
    },
    "node_modules/base64-js": {
      "version": "1.5.1",
      "resolved": "https://domoreexp.pkgs.visualstudio.com/_packaging/npm-mirror/npm/registry/base64-js/-/base64-js-1.5.1.tgz",
      "integrity": "sha1-GxtEAWClv3rUC2UPCVljSBkDkwo=",
      "funding": [
        {
          "type": "github",
          "url": "https://github.com/sponsors/feross"
        },
        {
          "type": "patreon",
          "url": "https://www.patreon.com/feross"
        },
        {
          "type": "consulting",
          "url": "https://feross.org/support"
        }
      ],
      "license": "MIT"
    },
    "node_modules/buffer": {
      "version": "6.0.3",
      "resolved": "https://domoreexp.pkgs.visualstudio.com/_packaging/npm-mirror/npm/registry/buffer/-/buffer-6.0.3.tgz",
      "integrity": "sha1-Ks5XhFnMj74qcKqo9S7mO2p0xsY=",
      "funding": [
        {
          "type": "github",
          "url": "https://github.com/sponsors/feross"
        },
        {
          "type": "patreon",
          "url": "https://www.patreon.com/feross"
        },
        {
          "type": "consulting",
          "url": "https://feross.org/support"
        }
      ],
      "license": "MIT",
      "dependencies": {
        "base64-js": "^1.3.1",
        "ieee754": "^1.2.1"
      }
    },
    "node_modules/call-bind": {
      "version": "1.0.2",
      "resolved": "https://domoreexp.pkgs.visualstudio.com/_packaging/npm-mirror/npm/registry/call-bind/-/call-bind-1.0.2.tgz",
      "integrity": "sha1-sdTonmiBGcPJqQOtMKuy9qkZvjw=",
      "license": "MIT",
      "dependencies": {
        "function-bind": "^1.1.1",
        "get-intrinsic": "^1.0.2"
      },
      "funding": {
        "url": "https://github.com/sponsors/ljharb"
      }
    },
    "node_modules/combined-stream": {
      "version": "1.0.8",
      "resolved": "https://domoreexp.pkgs.visualstudio.com/_packaging/npm-mirror/npm/registry/combined-stream/-/combined-stream-1.0.8.tgz",
      "integrity": "sha1-w9RaizT9cwYxoRCoolIGgrMdWn8=",
      "license": "MIT",
      "dependencies": {
        "delayed-stream": "~1.0.0"
      },
      "engines": {
        "node": ">= 0.8"
      }
    },
    "node_modules/debug": {
      "version": "4.3.4",
      "resolved": "https://domoreexp.pkgs.visualstudio.com/_packaging/npm-mirror/npm/registry/debug/-/debug-4.3.4.tgz",
      "integrity": "sha1-Exn2V5NX8jONMzfSzdSRS7XcyGU=",
      "license": "MIT",
      "dependencies": {
        "ms": "2.1.2"
      },
      "engines": {
        "node": ">=6.0"
      },
      "peerDependenciesMeta": {
        "supports-color": {
          "optional": true
        }
      }
    },
    "node_modules/delayed-stream": {
      "version": "1.0.0",
      "resolved": "https://domoreexp.pkgs.visualstudio.com/_packaging/npm-mirror/npm/registry/delayed-stream/-/delayed-stream-1.0.0.tgz",
      "integrity": "sha1-3zrhmayt+31ECqrgsp4icrJOxhk=",
      "license": "MIT",
      "engines": {
        "node": ">=0.4.0"
      }
    },
    "node_modules/events": {
      "version": "3.3.0",
      "resolved": "https://domoreexp.pkgs.visualstudio.com/_packaging/npm-mirror/npm/registry/events/-/events-3.3.0.tgz",
      "integrity": "sha1-Mala0Kkk4tLEGagTrrLE6HjqdAA=",
      "license": "MIT",
      "engines": {
        "node": ">=0.8.x"
      }
    },
    "node_modules/fast-xml-parser": {
      "version": "4.0.12",
      "resolved": "https://domoreexp.pkgs.visualstudio.com/_packaging/npm-mirror/npm/registry/fast-xml-parser/-/fast-xml-parser-4.0.12.tgz",
      "integrity": "sha1-njEX12Uj0g370wSCwWIfubA6eBc=",
      "license": "MIT",
      "dependencies": {
        "strnum": "^1.0.5"
      },
      "bin": {
        "fxparser": "src/cli/cli.js"
      },
      "funding": {
        "type": "paypal",
        "url": "https://paypal.me/naturalintelligence"
      }
    },
    "node_modules/for-each": {
      "version": "0.3.3",
      "resolved": "https://domoreexp.pkgs.visualstudio.com/_packaging/npm-mirror/npm/registry/for-each/-/for-each-0.3.3.tgz",
      "integrity": "sha1-abRH6IoKXTLD5whPPxcQA0shN24=",
      "license": "MIT",
      "dependencies": {
        "is-callable": "^1.1.3"
      }
    },
    "node_modules/form-data": {
      "version": "4.0.0",
      "resolved": "https://domoreexp.pkgs.visualstudio.com/_packaging/npm-mirror/npm/registry/form-data/-/form-data-4.0.0.tgz",
      "integrity": "sha1-k5Gdrq82HuUpWEubMWZNwSyfpFI=",
      "license": "MIT",
      "dependencies": {
        "asynckit": "^0.4.0",
        "combined-stream": "^1.0.8",
        "mime-types": "^2.1.12"
      },
      "engines": {
        "node": ">= 6"
      }
    },
    "node_modules/function-bind": {
      "version": "1.1.1",
      "resolved": "https://domoreexp.pkgs.visualstudio.com/_packaging/npm-mirror/npm/registry/function-bind/-/function-bind-1.1.1.tgz",
      "integrity": "sha1-pWiZ0+o8m6uHS7l3O3xe3pL0iV0=",
      "license": "MIT"
    },
    "node_modules/get-intrinsic": {
      "version": "1.1.3",
      "resolved": "https://domoreexp.pkgs.visualstudio.com/_packaging/npm-mirror/npm/registry/get-intrinsic/-/get-intrinsic-1.1.3.tgz",
      "integrity": "sha1-BjyEMprZPoOJPH9PJD72P/o1E4U=",
      "license": "MIT",
      "dependencies": {
        "function-bind": "^1.1.1",
        "has": "^1.0.3",
        "has-symbols": "^1.0.3"
      },
      "funding": {
        "url": "https://github.com/sponsors/ljharb"
      }
    },
    "node_modules/gopd": {
      "version": "1.0.1",
      "resolved": "https://domoreexp.pkgs.visualstudio.com/_packaging/npm-mirror/npm/registry/gopd/-/gopd-1.0.1.tgz",
      "integrity": "sha1-Kf923mnax0ibfAkYpXiOVkd8Myw=",
      "license": "MIT",
      "dependencies": {
        "get-intrinsic": "^1.1.3"
      },
      "funding": {
        "url": "https://github.com/sponsors/ljharb"
      }
    },
    "node_modules/has": {
      "version": "1.0.3",
      "resolved": "https://domoreexp.pkgs.visualstudio.com/_packaging/npm-mirror/npm/registry/has/-/has-1.0.3.tgz",
      "integrity": "sha1-ci18v8H2qoJB8W3YFOAR4fQeh5Y=",
      "license": "MIT",
      "dependencies": {
        "function-bind": "^1.1.1"
      },
      "engines": {
        "node": ">= 0.4.0"
      }
    },
    "node_modules/has-symbols": {
      "version": "1.0.3",
      "resolved": "https://domoreexp.pkgs.visualstudio.com/_packaging/npm-mirror/npm/registry/has-symbols/-/has-symbols-1.0.3.tgz",
      "integrity": "sha1-u3ssQ0klHc6HsSX3vfh0qnyLOfg=",
      "license": "MIT",
      "engines": {
        "node": ">= 0.4"
      },
      "funding": {
        "url": "https://github.com/sponsors/ljharb"
      }
    },
    "node_modules/has-tostringtag": {
      "version": "1.0.0",
      "resolved": "https://domoreexp.pkgs.visualstudio.com/_packaging/npm-mirror/npm/registry/has-tostringtag/-/has-tostringtag-1.0.0.tgz",
      "integrity": "sha1-fhM4GKfTlHNPlB5zw9P5KR5liyU=",
      "license": "MIT",
      "dependencies": {
        "has-symbols": "^1.0.2"
      },
      "engines": {
        "node": ">= 0.4"
      },
      "funding": {
        "url": "https://github.com/sponsors/ljharb"
      }
    },
    "node_modules/http-proxy-agent": {
      "version": "5.0.0",
      "resolved": "https://domoreexp.pkgs.visualstudio.com/_packaging/npm-mirror/npm/registry/http-proxy-agent/-/http-proxy-agent-5.0.0.tgz",
      "integrity": "sha1-USmAAgNSDUNPFCvHj/PBcIAPK0M=",
      "license": "MIT",
      "dependencies": {
        "@tootallnate/once": "2",
        "agent-base": "6",
        "debug": "4"
      },
      "engines": {
        "node": ">= 6"
      }
    },
    "node_modules/https-proxy-agent": {
      "version": "5.0.1",
      "resolved": "https://domoreexp.pkgs.visualstudio.com/_packaging/npm-mirror/npm/registry/https-proxy-agent/-/https-proxy-agent-5.0.1.tgz",
      "integrity": "sha1-xZ7yJKBP6LdU89sAY6Jeow0ABdY=",
      "license": "MIT",
      "dependencies": {
        "agent-base": "6",
        "debug": "4"
      },
      "engines": {
        "node": ">= 6"
      }
    },
    "node_modules/ieee754": {
      "version": "1.2.1",
      "resolved": "https://domoreexp.pkgs.visualstudio.com/_packaging/npm-mirror/npm/registry/ieee754/-/ieee754-1.2.1.tgz",
      "integrity": "sha1-jrehCmP/8l0VpXsAFYbRd9Gw01I=",
      "funding": [
        {
          "type": "github",
          "url": "https://github.com/sponsors/feross"
        },
        {
          "type": "patreon",
          "url": "https://www.patreon.com/feross"
        },
        {
          "type": "consulting",
          "url": "https://feross.org/support"
        }
      ],
      "license": "BSD-3-Clause"
    },
    "node_modules/inherits": {
      "version": "2.0.4",
      "resolved": "https://domoreexp.pkgs.visualstudio.com/_packaging/npm-mirror/npm/registry/inherits/-/inherits-2.0.4.tgz",
      "integrity": "sha1-D6LGT5MpF8NDOg3tVTY6rjdBa3w=",
      "license": "ISC"
    },
    "node_modules/is-arguments": {
      "version": "1.1.1",
      "resolved": "https://domoreexp.pkgs.visualstudio.com/_packaging/npm-mirror/npm/registry/is-arguments/-/is-arguments-1.1.1.tgz",
      "integrity": "sha1-FbP4j9oB8ql/7ITKdhpWDxI++ps=",
      "license": "MIT",
      "dependencies": {
        "call-bind": "^1.0.2",
        "has-tostringtag": "^1.0.0"
      },
      "engines": {
        "node": ">= 0.4"
      },
      "funding": {
        "url": "https://github.com/sponsors/ljharb"
      }
    },
    "node_modules/is-buffer": {
      "version": "2.0.5",
      "resolved": "https://domoreexp.pkgs.visualstudio.com/_packaging/npm-mirror/npm/registry/is-buffer/-/is-buffer-2.0.5.tgz",
      "integrity": "sha1-68JS5ADSL/jXf6CYiIIaJKZYwZE=",
      "funding": [
        {
          "type": "github",
          "url": "https://github.com/sponsors/feross"
        },
        {
          "type": "patreon",
          "url": "https://www.patreon.com/feross"
        },
        {
          "type": "consulting",
          "url": "https://feross.org/support"
        }
      ],
      "license": "MIT",
      "engines": {
        "node": ">=4"
      }
    },
    "node_modules/is-callable": {
      "version": "1.2.7",
      "resolved": "https://domoreexp.pkgs.visualstudio.com/_packaging/npm-mirror/npm/registry/is-callable/-/is-callable-1.2.7.tgz",
      "integrity": "sha1-O8KoXqdC2eNiBdys3XLKH9xRsFU=",
      "license": "MIT",
      "engines": {
        "node": ">= 0.4"
      },
      "funding": {
        "url": "https://github.com/sponsors/ljharb"
      }
    },
    "node_modules/is-generator-function": {
      "version": "1.0.10",
      "resolved": "https://domoreexp.pkgs.visualstudio.com/_packaging/npm-mirror/npm/registry/is-generator-function/-/is-generator-function-1.0.10.tgz",
      "integrity": "sha1-8VWLrxrBfg3up8BBXEODUf8rPHI=",
      "license": "MIT",
      "dependencies": {
        "has-tostringtag": "^1.0.0"
      },
      "engines": {
        "node": ">= 0.4"
      },
      "funding": {
        "url": "https://github.com/sponsors/ljharb"
      }
    },
    "node_modules/is-typed-array": {
      "version": "1.1.10",
      "resolved": "https://domoreexp.pkgs.visualstudio.com/_packaging/npm-mirror/npm/registry/is-typed-array/-/is-typed-array-1.1.10.tgz",
      "integrity": "sha1-NqW1y0GJtXXRo+SwhTa/tIWAHj8=",
      "license": "MIT",
      "dependencies": {
        "available-typed-arrays": "^1.0.5",
        "call-bind": "^1.0.2",
        "for-each": "^0.3.3",
        "gopd": "^1.0.1",
        "has-tostringtag": "^1.0.0"
      },
      "engines": {
        "node": ">= 0.4"
      },
      "funding": {
        "url": "https://github.com/sponsors/ljharb"
      }
    },
    "node_modules/jssha": {
      "version": "3.3.0",
      "resolved": "https://domoreexp.pkgs.visualstudio.com/_packaging/npm-mirror/npm/registry/jssha/-/jssha-3.3.0.tgz",
      "integrity": "sha1-RLVTG89VoS9KOIR2xkepocypKDk=",
      "license": "BSD-3-Clause",
      "engines": {
        "node": "*"
      }
    },
    "node_modules/long": {
      "version": "5.2.1",
      "resolved": "https://domoreexp.pkgs.visualstudio.com/_packaging/npm-mirror/npm/registry/long/-/long-5.2.1.tgz",
      "integrity": "sha1-4nWV0Ag9ED0vosIMdpn44MkriX8=",
      "license": "Apache-2.0"
    },
    "node_modules/mime-db": {
      "version": "1.52.0",
      "resolved": "https://domoreexp.pkgs.visualstudio.com/_packaging/npm-mirror/npm/registry/mime-db/-/mime-db-1.52.0.tgz",
      "integrity": "sha1-u6vNwChZ9JhzAchW4zh85exDv3A=",
      "license": "MIT",
      "engines": {
        "node": ">= 0.6"
      }
    },
    "node_modules/mime-types": {
      "version": "2.1.35",
      "resolved": "https://domoreexp.pkgs.visualstudio.com/_packaging/npm-mirror/npm/registry/mime-types/-/mime-types-2.1.35.tgz",
      "integrity": "sha1-OBqHG2KnNEUGYK497uRIE/cNlZo=",
      "license": "MIT",
      "dependencies": {
        "mime-db": "1.52.0"
      },
      "engines": {
        "node": ">= 0.6"
      }
    },
    "node_modules/ms": {
      "version": "2.1.2",
      "resolved": "https://domoreexp.pkgs.visualstudio.com/_packaging/npm-mirror/npm/registry/ms/-/ms-2.1.2.tgz",
      "integrity": "sha1-0J0fNXtEP0kzgqjrPM0YOHKuYAk=",
      "license": "MIT"
    },
    "node_modules/process": {
      "version": "0.11.10",
      "resolved": "https://domoreexp.pkgs.visualstudio.com/_packaging/npm-mirror/npm/registry/process/-/process-0.11.10.tgz",
      "integrity": "sha1-czIwDoQBYb2j5podHZGn1LwW8YI=",
      "license": "MIT",
      "engines": {
        "node": ">= 0.6.0"
      }
    },
    "node_modules/punycode": {
      "version": "1.3.2",
      "resolved": "https://domoreexp.pkgs.visualstudio.com/_packaging/npm-mirror/npm/registry/punycode/-/punycode-1.3.2.tgz",
      "integrity": "sha1-llOgNvt8HuQjQvIyXM7v6jkmxI0=",
      "license": "MIT"
    },
    "node_modules/querystring": {
      "version": "0.2.0",
      "resolved": "https://domoreexp.pkgs.visualstudio.com/_packaging/npm-mirror/npm/registry/querystring/-/querystring-0.2.0.tgz",
      "integrity": "sha1-sgmEkgO7Jd+CDadW50cAWHhSFiA=",
      "engines": {
        "node": ">=0.4.x"
      }
    },
    "node_modules/rhea": {
      "version": "2.0.8",
      "resolved": "https://domoreexp.pkgs.visualstudio.com/_packaging/npm-mirror/npm/registry/rhea/-/rhea-2.0.8.tgz",
      "integrity": "sha1-KsNV+tkj42qZXe//3zFLscvlYt4=",
      "license": "Apache-2.0",
      "dependencies": {
        "debug": "0.8.0 - 3.5.0"
      }
    },
    "node_modules/rhea-promise": {
      "version": "2.1.0",
      "resolved": "https://domoreexp.pkgs.visualstudio.com/_packaging/npm-mirror/npm/registry/rhea-promise/-/rhea-promise-2.1.0.tgz",
      "integrity": "sha1-VA6X9iMCrVSzaLeaNWClHu/SsGM=",
      "license": "Apache-2.0",
      "dependencies": {
        "debug": "^3.1.0",
        "rhea": "^2.0.3",
        "tslib": "^2.2.0"
      }
    },
    "node_modules/rhea-promise/node_modules/debug": {
      "version": "3.2.7",
      "resolved": "https://domoreexp.pkgs.visualstudio.com/_packaging/npm-mirror/npm/registry/debug/-/debug-3.2.7.tgz",
      "integrity": "sha1-clgLfpFF+zm2Z2+cXl+xALk0F5o=",
      "license": "MIT",
      "dependencies": {
        "ms": "^2.1.1"
      }
    },
    "node_modules/rhea/node_modules/debug": {
      "version": "3.2.7",
      "resolved": "https://domoreexp.pkgs.visualstudio.com/_packaging/npm-mirror/npm/registry/debug/-/debug-3.2.7.tgz",
      "integrity": "sha1-clgLfpFF+zm2Z2+cXl+xALk0F5o=",
      "license": "MIT",
      "dependencies": {
        "ms": "^2.1.1"
      }
    },
    "node_modules/strnum": {
      "version": "1.0.5",
      "resolved": "https://domoreexp.pkgs.visualstudio.com/_packaging/npm-mirror/npm/registry/strnum/-/strnum-1.0.5.tgz",
      "integrity": "sha1-XE6Cn+Fa1P8NIMPbWsl7c8mwcts=",
      "license": "MIT"
    },
    "node_modules/tslib": {
      "version": "2.4.1",
      "resolved": "https://domoreexp.pkgs.visualstudio.com/_packaging/npm-mirror/npm/registry/tslib/-/tslib-2.4.1.tgz",
      "integrity": "sha1-DQv7qsKIC5HiLfB2jlW+l1OlsX4=",
      "license": "0BSD"
    },
    "node_modules/url": {
      "version": "0.11.0",
      "resolved": "https://domoreexp.pkgs.visualstudio.com/_packaging/npm-mirror/npm/registry/url/-/url-0.11.0.tgz",
      "integrity": "sha1-ODjpfPxgUh63PFJajlW/3Z4uKPE=",
      "license": "MIT",
      "dependencies": {
        "punycode": "1.3.2",
        "querystring": "0.2.0"
      }
    },
    "node_modules/util": {
      "version": "0.12.5",
      "resolved": "https://domoreexp.pkgs.visualstudio.com/_packaging/npm-mirror/npm/registry/util/-/util-0.12.5.tgz",
      "integrity": "sha1-XxemBZtz22GodWaHgaHCsTa9b7w=",
      "license": "MIT",
      "dependencies": {
        "inherits": "^2.0.3",
        "is-arguments": "^1.0.4",
        "is-generator-function": "^1.0.7",
        "is-typed-array": "^1.1.3",
        "which-typed-array": "^1.1.2"
      }
    },
    "node_modules/uuid": {
      "version": "8.3.2",
      "resolved": "https://domoreexp.pkgs.visualstudio.com/_packaging/npm-mirror/npm/registry/uuid/-/uuid-8.3.2.tgz",
      "integrity": "sha1-gNW1ztJxu5r2xEXyGhoExgbO++I=",
      "license": "MIT",
      "bin": {
        "uuid": "dist/bin/uuid"
      }
    },
    "node_modules/which-typed-array": {
      "version": "1.1.9",
      "resolved": "https://domoreexp.pkgs.visualstudio.com/_packaging/npm-mirror/npm/registry/which-typed-array/-/which-typed-array-1.1.9.tgz",
      "integrity": "sha1-MHz4mAJYSM+ZXnlehCPH8zfvveY=",
      "license": "MIT",
      "dependencies": {
        "available-typed-arrays": "^1.0.5",
        "call-bind": "^1.0.2",
        "for-each": "^0.3.3",
        "gopd": "^1.0.1",
        "has-tostringtag": "^1.0.0",
        "is-typed-array": "^1.1.10"
      },
      "engines": {
        "node": ">= 0.4"
      },
      "funding": {
        "url": "https://github.com/sponsors/ljharb"
      }
    }
  },
  "dependencies": {
    "@azure/abort-controller": {
      "version": "1.1.0",
      "resolved": "https://domoreexp.pkgs.visualstudio.com/_packaging/npm-mirror/npm/registry/@azure/abort-controller/-/abort-controller-1.1.0.tgz",
      "integrity": "sha1-eI7nhFelWvihrTQqyxgjg9IRkkk=",
      "requires": {
        "tslib": "^2.2.0"
      }
    },
    "@azure/core-amqp": {
      "version": "3.2.0",
      "resolved": "https://domoreexp.pkgs.visualstudio.com/_packaging/npm-mirror/npm/registry/@azure/core-amqp/-/core-amqp-3.2.0.tgz",
      "integrity": "sha1-+R9lgi2II7Z6TIB8A08EH0xkyqU=",
      "requires": {
        "@azure/abort-controller": "^1.0.0",
        "@azure/core-auth": "^1.3.0",
        "@azure/core-util": "^1.1.1",
        "@azure/logger": "^1.0.0",
        "buffer": "^6.0.0",
        "events": "^3.0.0",
        "jssha": "^3.1.0",
        "process": "^0.11.10",
        "rhea": "^2.0.3",
        "rhea-promise": "^2.1.0",
        "tslib": "^2.2.0",
        "url": "^0.11.0",
        "util": "^0.12.1"
      }
    },
    "@azure/core-auth": {
      "version": "1.4.0",
      "resolved": "https://domoreexp.pkgs.visualstudio.com/_packaging/npm-mirror/npm/registry/@azure/core-auth/-/core-auth-1.4.0.tgz",
      "integrity": "sha1-b6lmHBcFhXgg28IW31ulZlrDap4=",
      "requires": {
        "@azure/abort-controller": "^1.0.0",
        "tslib": "^2.2.0"
      }
    },
    "@azure/core-client": {
      "version": "1.6.1",
      "resolved": "https://domoreexp.pkgs.visualstudio.com/_packaging/npm-mirror/npm/registry/@azure/core-client/-/core-client-1.6.1.tgz",
      "integrity": "sha1-oarT98abbl2d3bOfq666AT6skxM=",
      "requires": {
        "@azure/abort-controller": "^1.0.0",
        "@azure/core-auth": "^1.4.0",
        "@azure/core-rest-pipeline": "^1.9.1",
        "@azure/core-tracing": "^1.0.0",
        "@azure/core-util": "^1.0.0",
        "@azure/logger": "^1.0.0",
        "tslib": "^2.2.0"
      }
    },
    "@azure/core-paging": {
      "version": "1.4.0",
      "resolved": "https://domoreexp.pkgs.visualstudio.com/_packaging/npm-mirror/npm/registry/@azure/core-paging/-/core-paging-1.4.0.tgz",
      "integrity": "sha1-sEpzrRgUlzOoSMMIml5e0URZIzg=",
      "requires": {
        "tslib": "^2.2.0"
      }
    },
    "@azure/core-rest-pipeline": {
      "version": "1.10.0",
      "resolved": "https://domoreexp.pkgs.visualstudio.com/_packaging/npm-mirror/npm/registry/@azure/core-rest-pipeline/-/core-rest-pipeline-1.10.0.tgz",
      "integrity": "sha1-EsbRYBxaWYuMzze7fF2vQh9/fqk=",
      "requires": {
        "@azure/abort-controller": "^1.0.0",
        "@azure/core-auth": "^1.4.0",
        "@azure/core-tracing": "^1.0.1",
        "@azure/core-util": "^1.0.0",
        "@azure/logger": "^1.0.0",
        "form-data": "^4.0.0",
        "http-proxy-agent": "^5.0.0",
        "https-proxy-agent": "^5.0.0",
        "tslib": "^2.2.0",
        "uuid": "^8.3.0"
      }
    },
    "@azure/core-tracing": {
      "version": "1.0.1",
      "resolved": "https://domoreexp.pkgs.visualstudio.com/_packaging/npm-mirror/npm/registry/@azure/core-tracing/-/core-tracing-1.0.1.tgz",
      "integrity": "sha1-NSo4y+pDjEqDyGsxT0gBfXC6lQM=",
      "requires": {
        "tslib": "^2.2.0"
      }
    },
    "@azure/core-util": {
      "version": "1.1.1",
      "resolved": "https://domoreexp.pkgs.visualstudio.com/_packaging/npm-mirror/npm/registry/@azure/core-util/-/core-util-1.1.1.tgz",
      "integrity": "sha1-j4ez3UaHld8PCEnZ8JbD57KUUsE=",
      "requires": {
        "@azure/abort-controller": "^1.0.0",
        "tslib": "^2.2.0"
      }
    },
    "@azure/core-xml": {
      "version": "1.3.1",
      "resolved": "https://domoreexp.pkgs.visualstudio.com/_packaging/npm-mirror/npm/registry/@azure/core-xml/-/core-xml-1.3.1.tgz",
      "integrity": "sha1-zuGvBDY6niyX3N+WLX7ZXTmp85Y=",
      "requires": {
        "fast-xml-parser": "^4.0.8",
        "tslib": "^2.2.0"
      }
    },
    "@azure/logger": {
      "version": "1.0.3",
      "resolved": "https://domoreexp.pkgs.visualstudio.com/_packaging/npm-mirror/npm/registry/@azure/logger/-/logger-1.0.3.tgz",
      "integrity": "sha1-bjZwSqUb59ShuuJHMepYCDYpPJY=",
      "requires": {
        "tslib": "^2.2.0"
      }
    },
    "@azure/service-bus": {
      "version": "7.7.3",
      "resolved": "https://domoreexp.pkgs.visualstudio.com/_packaging/npm-mirror/npm/registry/@azure/service-bus/-/service-bus-7.7.3.tgz",
      "integrity": "sha1-D4Rdb/0n2Ze3vA3xpZdGV+fbMlc=",
      "requires": {
        "@azure/abort-controller": "^1.0.0",
        "@azure/core-amqp": "^3.1.0",
        "@azure/core-auth": "^1.3.0",
        "@azure/core-client": "^1.0.0",
        "@azure/core-paging": "^1.4.0",
        "@azure/core-rest-pipeline": "^1.1.0",
        "@azure/core-tracing": "^1.0.0",
        "@azure/core-util": "^1.1.1",
        "@azure/core-xml": "^1.0.0",
        "@azure/logger": "^1.0.0",
        "@types/is-buffer": "^2.0.0",
        "buffer": "^6.0.0",
        "is-buffer": "^2.0.3",
        "jssha": "^3.1.0",
        "long": "^5.2.0",
        "process": "^0.11.10",
        "rhea-promise": "^2.1.0",
        "tslib": "^2.2.0"
      }
    },
    "@tootallnate/once": {
      "version": "2.0.0",
      "resolved": "https://domoreexp.pkgs.visualstudio.com/_packaging/npm-mirror/npm/registry/@tootallnate/once/-/once-2.0.0.tgz",
      "integrity": "sha1-9UShSNOrNYAcH2M6dEH9h8LkhL8="
    },
    "@types/is-buffer": {
      "version": "2.0.0",
      "resolved": "https://domoreexp.pkgs.visualstudio.com/_packaging/npm-mirror/npm/registry/@types/is-buffer/-/is-buffer-2.0.0.tgz",
      "integrity": "sha1-lN5NI1QGRt5fXfLNNGocFiBn6lo=",
      "requires": {
        "@types/node": "*"
      }
    },
    "@types/node": {
      "version": "18.11.10",
      "resolved": "https://domoreexp.pkgs.visualstudio.com/_packaging/npm-mirror/npm/registry/@types/node/-/node-18.11.10.tgz",
      "integrity": "sha1-TGR1nzwjQ7fmxLnK92HHo6Bc7jQ="
    },
    "agent-base": {
      "version": "6.0.2",
      "resolved": "https://domoreexp.pkgs.visualstudio.com/_packaging/npm-mirror/npm/registry/agent-base/-/agent-base-6.0.2.tgz",
      "integrity": "sha1-Sf/1hXfP7j83F2/qtMIuAPhtf3c=",
      "requires": {
        "debug": "4"
      }
    },
    "asynckit": {
      "version": "0.4.0",
      "resolved": "https://domoreexp.pkgs.visualstudio.com/_packaging/npm-mirror/npm/registry/asynckit/-/asynckit-0.4.0.tgz",
      "integrity": "sha1-x57Zf380y48robyXkLzDZkdLS3k="
    },
    "available-typed-arrays": {
      "version": "1.0.5",
      "resolved": "https://domoreexp.pkgs.visualstudio.com/_packaging/npm-mirror/npm/registry/available-typed-arrays/-/available-typed-arrays-1.0.5.tgz",
      "integrity": "sha1-kvlWFlAQadB9EO2y/DfT4cZRI7c="
    },
    "base64-js": {
      "version": "1.5.1",
      "resolved": "https://domoreexp.pkgs.visualstudio.com/_packaging/npm-mirror/npm/registry/base64-js/-/base64-js-1.5.1.tgz",
      "integrity": "sha1-GxtEAWClv3rUC2UPCVljSBkDkwo="
    },
    "buffer": {
      "version": "6.0.3",
      "resolved": "https://domoreexp.pkgs.visualstudio.com/_packaging/npm-mirror/npm/registry/buffer/-/buffer-6.0.3.tgz",
      "integrity": "sha1-Ks5XhFnMj74qcKqo9S7mO2p0xsY=",
      "requires": {
        "base64-js": "^1.3.1",
        "ieee754": "^1.2.1"
      }
    },
    "call-bind": {
      "version": "1.0.2",
      "resolved": "https://domoreexp.pkgs.visualstudio.com/_packaging/npm-mirror/npm/registry/call-bind/-/call-bind-1.0.2.tgz",
      "integrity": "sha1-sdTonmiBGcPJqQOtMKuy9qkZvjw=",
      "requires": {
        "function-bind": "^1.1.1",
        "get-intrinsic": "^1.0.2"
      }
    },
    "combined-stream": {
      "version": "1.0.8",
      "resolved": "https://domoreexp.pkgs.visualstudio.com/_packaging/npm-mirror/npm/registry/combined-stream/-/combined-stream-1.0.8.tgz",
      "integrity": "sha1-w9RaizT9cwYxoRCoolIGgrMdWn8=",
      "requires": {
        "delayed-stream": "~1.0.0"
      }
    },
    "debug": {
      "version": "4.3.4",
      "resolved": "https://domoreexp.pkgs.visualstudio.com/_packaging/npm-mirror/npm/registry/debug/-/debug-4.3.4.tgz",
      "integrity": "sha1-Exn2V5NX8jONMzfSzdSRS7XcyGU=",
      "requires": {
        "ms": "2.1.2"
      }
    },
    "delayed-stream": {
      "version": "1.0.0",
      "resolved": "https://domoreexp.pkgs.visualstudio.com/_packaging/npm-mirror/npm/registry/delayed-stream/-/delayed-stream-1.0.0.tgz",
      "integrity": "sha1-3zrhmayt+31ECqrgsp4icrJOxhk="
    },
    "events": {
      "version": "3.3.0",
      "resolved": "https://domoreexp.pkgs.visualstudio.com/_packaging/npm-mirror/npm/registry/events/-/events-3.3.0.tgz",
      "integrity": "sha1-Mala0Kkk4tLEGagTrrLE6HjqdAA="
    },
    "fast-xml-parser": {
      "version": "4.0.12",
      "resolved": "https://domoreexp.pkgs.visualstudio.com/_packaging/npm-mirror/npm/registry/fast-xml-parser/-/fast-xml-parser-4.0.12.tgz",
      "integrity": "sha1-njEX12Uj0g370wSCwWIfubA6eBc=",
      "requires": {
        "strnum": "^1.0.5"
      }
    },
    "for-each": {
      "version": "0.3.3",
      "resolved": "https://domoreexp.pkgs.visualstudio.com/_packaging/npm-mirror/npm/registry/for-each/-/for-each-0.3.3.tgz",
      "integrity": "sha1-abRH6IoKXTLD5whPPxcQA0shN24=",
      "requires": {
        "is-callable": "^1.1.3"
      }
    },
    "form-data": {
      "version": "4.0.0",
      "resolved": "https://domoreexp.pkgs.visualstudio.com/_packaging/npm-mirror/npm/registry/form-data/-/form-data-4.0.0.tgz",
      "integrity": "sha1-k5Gdrq82HuUpWEubMWZNwSyfpFI=",
      "requires": {
        "asynckit": "^0.4.0",
        "combined-stream": "^1.0.8",
        "mime-types": "^2.1.12"
      }
    },
    "function-bind": {
      "version": "1.1.1",
      "resolved": "https://domoreexp.pkgs.visualstudio.com/_packaging/npm-mirror/npm/registry/function-bind/-/function-bind-1.1.1.tgz",
      "integrity": "sha1-pWiZ0+o8m6uHS7l3O3xe3pL0iV0="
    },
    "get-intrinsic": {
      "version": "1.1.3",
      "resolved": "https://domoreexp.pkgs.visualstudio.com/_packaging/npm-mirror/npm/registry/get-intrinsic/-/get-intrinsic-1.1.3.tgz",
      "integrity": "sha1-BjyEMprZPoOJPH9PJD72P/o1E4U=",
      "requires": {
        "function-bind": "^1.1.1",
        "has": "^1.0.3",
        "has-symbols": "^1.0.3"
      }
    },
    "gopd": {
      "version": "1.0.1",
      "resolved": "https://domoreexp.pkgs.visualstudio.com/_packaging/npm-mirror/npm/registry/gopd/-/gopd-1.0.1.tgz",
      "integrity": "sha1-Kf923mnax0ibfAkYpXiOVkd8Myw=",
      "requires": {
        "get-intrinsic": "^1.1.3"
      }
    },
    "has": {
      "version": "1.0.3",
      "resolved": "https://domoreexp.pkgs.visualstudio.com/_packaging/npm-mirror/npm/registry/has/-/has-1.0.3.tgz",
      "integrity": "sha1-ci18v8H2qoJB8W3YFOAR4fQeh5Y=",
      "requires": {
        "function-bind": "^1.1.1"
      }
    },
    "has-symbols": {
      "version": "1.0.3",
      "resolved": "https://domoreexp.pkgs.visualstudio.com/_packaging/npm-mirror/npm/registry/has-symbols/-/has-symbols-1.0.3.tgz",
      "integrity": "sha1-u3ssQ0klHc6HsSX3vfh0qnyLOfg="
    },
    "has-tostringtag": {
      "version": "1.0.0",
      "resolved": "https://domoreexp.pkgs.visualstudio.com/_packaging/npm-mirror/npm/registry/has-tostringtag/-/has-tostringtag-1.0.0.tgz",
      "integrity": "sha1-fhM4GKfTlHNPlB5zw9P5KR5liyU=",
      "requires": {
        "has-symbols": "^1.0.2"
      }
    },
    "http-proxy-agent": {
      "version": "5.0.0",
      "resolved": "https://domoreexp.pkgs.visualstudio.com/_packaging/npm-mirror/npm/registry/http-proxy-agent/-/http-proxy-agent-5.0.0.tgz",
      "integrity": "sha1-USmAAgNSDUNPFCvHj/PBcIAPK0M=",
      "requires": {
        "@tootallnate/once": "2",
        "agent-base": "6",
        "debug": "4"
      }
    },
    "https-proxy-agent": {
      "version": "5.0.1",
      "resolved": "https://domoreexp.pkgs.visualstudio.com/_packaging/npm-mirror/npm/registry/https-proxy-agent/-/https-proxy-agent-5.0.1.tgz",
      "integrity": "sha1-xZ7yJKBP6LdU89sAY6Jeow0ABdY=",
      "requires": {
        "agent-base": "6",
        "debug": "4"
      }
    },
    "ieee754": {
      "version": "1.2.1",
      "resolved": "https://domoreexp.pkgs.visualstudio.com/_packaging/npm-mirror/npm/registry/ieee754/-/ieee754-1.2.1.tgz",
      "integrity": "sha1-jrehCmP/8l0VpXsAFYbRd9Gw01I="
    },
    "inherits": {
      "version": "2.0.4",
      "resolved": "https://domoreexp.pkgs.visualstudio.com/_packaging/npm-mirror/npm/registry/inherits/-/inherits-2.0.4.tgz",
      "integrity": "sha1-D6LGT5MpF8NDOg3tVTY6rjdBa3w="
    },
    "is-arguments": {
      "version": "1.1.1",
      "resolved": "https://domoreexp.pkgs.visualstudio.com/_packaging/npm-mirror/npm/registry/is-arguments/-/is-arguments-1.1.1.tgz",
      "integrity": "sha1-FbP4j9oB8ql/7ITKdhpWDxI++ps=",
      "requires": {
        "call-bind": "^1.0.2",
        "has-tostringtag": "^1.0.0"
      }
    },
    "is-buffer": {
      "version": "2.0.5",
      "resolved": "https://domoreexp.pkgs.visualstudio.com/_packaging/npm-mirror/npm/registry/is-buffer/-/is-buffer-2.0.5.tgz",
      "integrity": "sha1-68JS5ADSL/jXf6CYiIIaJKZYwZE="
    },
    "is-callable": {
      "version": "1.2.7",
      "resolved": "https://domoreexp.pkgs.visualstudio.com/_packaging/npm-mirror/npm/registry/is-callable/-/is-callable-1.2.7.tgz",
      "integrity": "sha1-O8KoXqdC2eNiBdys3XLKH9xRsFU="
    },
    "is-generator-function": {
      "version": "1.0.10",
      "resolved": "https://domoreexp.pkgs.visualstudio.com/_packaging/npm-mirror/npm/registry/is-generator-function/-/is-generator-function-1.0.10.tgz",
      "integrity": "sha1-8VWLrxrBfg3up8BBXEODUf8rPHI=",
      "requires": {
        "has-tostringtag": "^1.0.0"
      }
    },
    "is-typed-array": {
      "version": "1.1.10",
      "resolved": "https://domoreexp.pkgs.visualstudio.com/_packaging/npm-mirror/npm/registry/is-typed-array/-/is-typed-array-1.1.10.tgz",
      "integrity": "sha1-NqW1y0GJtXXRo+SwhTa/tIWAHj8=",
      "requires": {
        "available-typed-arrays": "^1.0.5",
        "call-bind": "^1.0.2",
        "for-each": "^0.3.3",
        "gopd": "^1.0.1",
        "has-tostringtag": "^1.0.0"
      }
    },
    "jssha": {
      "version": "3.3.0",
      "resolved": "https://domoreexp.pkgs.visualstudio.com/_packaging/npm-mirror/npm/registry/jssha/-/jssha-3.3.0.tgz",
      "integrity": "sha1-RLVTG89VoS9KOIR2xkepocypKDk="
    },
    "long": {
      "version": "5.2.1",
      "resolved": "https://domoreexp.pkgs.visualstudio.com/_packaging/npm-mirror/npm/registry/long/-/long-5.2.1.tgz",
      "integrity": "sha1-4nWV0Ag9ED0vosIMdpn44MkriX8="
    },
    "mime-db": {
      "version": "1.52.0",
      "resolved": "https://domoreexp.pkgs.visualstudio.com/_packaging/npm-mirror/npm/registry/mime-db/-/mime-db-1.52.0.tgz",
      "integrity": "sha1-u6vNwChZ9JhzAchW4zh85exDv3A="
    },
    "mime-types": {
      "version": "2.1.35",
      "resolved": "https://domoreexp.pkgs.visualstudio.com/_packaging/npm-mirror/npm/registry/mime-types/-/mime-types-2.1.35.tgz",
      "integrity": "sha1-OBqHG2KnNEUGYK497uRIE/cNlZo=",
      "requires": {
        "mime-db": "1.52.0"
      }
    },
    "ms": {
      "version": "2.1.2",
      "resolved": "https://domoreexp.pkgs.visualstudio.com/_packaging/npm-mirror/npm/registry/ms/-/ms-2.1.2.tgz",
      "integrity": "sha1-0J0fNXtEP0kzgqjrPM0YOHKuYAk="
    },
    "process": {
      "version": "0.11.10",
      "resolved": "https://domoreexp.pkgs.visualstudio.com/_packaging/npm-mirror/npm/registry/process/-/process-0.11.10.tgz",
      "integrity": "sha1-czIwDoQBYb2j5podHZGn1LwW8YI="
    },
    "punycode": {
      "version": "1.3.2",
      "resolved": "https://domoreexp.pkgs.visualstudio.com/_packaging/npm-mirror/npm/registry/punycode/-/punycode-1.3.2.tgz",
      "integrity": "sha1-llOgNvt8HuQjQvIyXM7v6jkmxI0="
    },
    "querystring": {
      "version": "0.2.0",
      "resolved": "https://domoreexp.pkgs.visualstudio.com/_packaging/npm-mirror/npm/registry/querystring/-/querystring-0.2.0.tgz",
      "integrity": "sha1-sgmEkgO7Jd+CDadW50cAWHhSFiA="
    },
    "rhea": {
      "version": "2.0.8",
      "resolved": "https://domoreexp.pkgs.visualstudio.com/_packaging/npm-mirror/npm/registry/rhea/-/rhea-2.0.8.tgz",
      "integrity": "sha1-KsNV+tkj42qZXe//3zFLscvlYt4=",
      "requires": {
        "debug": "0.8.0 - 3.5.0"
      },
      "dependencies": {
        "debug": {
          "version": "3.2.7",
          "resolved": "https://domoreexp.pkgs.visualstudio.com/_packaging/npm-mirror/npm/registry/debug/-/debug-3.2.7.tgz",
          "integrity": "sha1-clgLfpFF+zm2Z2+cXl+xALk0F5o=",
          "requires": {
            "ms": "^2.1.1"
          }
        }
      }
    },
    "rhea-promise": {
      "version": "2.1.0",
      "resolved": "https://domoreexp.pkgs.visualstudio.com/_packaging/npm-mirror/npm/registry/rhea-promise/-/rhea-promise-2.1.0.tgz",
      "integrity": "sha1-VA6X9iMCrVSzaLeaNWClHu/SsGM=",
      "requires": {
        "debug": "^3.1.0",
        "rhea": "^2.0.3",
        "tslib": "^2.2.0"
      },
      "dependencies": {
        "debug": {
          "version": "3.2.7",
          "resolved": "https://domoreexp.pkgs.visualstudio.com/_packaging/npm-mirror/npm/registry/debug/-/debug-3.2.7.tgz",
          "integrity": "sha1-clgLfpFF+zm2Z2+cXl+xALk0F5o=",
          "requires": {
            "ms": "^2.1.1"
          }
        }
      }
    },
    "strnum": {
      "version": "1.0.5",
      "resolved": "https://domoreexp.pkgs.visualstudio.com/_packaging/npm-mirror/npm/registry/strnum/-/strnum-1.0.5.tgz",
      "integrity": "sha1-XE6Cn+Fa1P8NIMPbWsl7c8mwcts="
    },
    "tslib": {
      "version": "2.4.1",
      "resolved": "https://domoreexp.pkgs.visualstudio.com/_packaging/npm-mirror/npm/registry/tslib/-/tslib-2.4.1.tgz",
      "integrity": "sha1-DQv7qsKIC5HiLfB2jlW+l1OlsX4="
    },
    "url": {
      "version": "0.11.0",
      "resolved": "https://domoreexp.pkgs.visualstudio.com/_packaging/npm-mirror/npm/registry/url/-/url-0.11.0.tgz",
      "integrity": "sha1-ODjpfPxgUh63PFJajlW/3Z4uKPE=",
      "requires": {
        "punycode": "1.3.2",
        "querystring": "0.2.0"
      }
    },
    "util": {
      "version": "0.12.5",
      "resolved": "https://domoreexp.pkgs.visualstudio.com/_packaging/npm-mirror/npm/registry/util/-/util-0.12.5.tgz",
      "integrity": "sha1-XxemBZtz22GodWaHgaHCsTa9b7w=",
      "requires": {
        "inherits": "^2.0.3",
        "is-arguments": "^1.0.4",
        "is-generator-function": "^1.0.7",
        "is-typed-array": "^1.1.3",
        "which-typed-array": "^1.1.2"
      }
    },
    "uuid": {
      "version": "8.3.2",
      "resolved": "https://domoreexp.pkgs.visualstudio.com/_packaging/npm-mirror/npm/registry/uuid/-/uuid-8.3.2.tgz",
      "integrity": "sha1-gNW1ztJxu5r2xEXyGhoExgbO++I="
    },
    "which-typed-array": {
      "version": "1.1.9",
      "resolved": "https://domoreexp.pkgs.visualstudio.com/_packaging/npm-mirror/npm/registry/which-typed-array/-/which-typed-array-1.1.9.tgz",
      "integrity": "sha1-MHz4mAJYSM+ZXnlehCPH8zfvveY=",
      "requires": {
        "available-typed-arrays": "^1.0.5",
        "call-bind": "^1.0.2",
        "for-each": "^0.3.3",
        "gopd": "^1.0.1",
        "has-tostringtag": "^1.0.0",
        "is-typed-array": "^1.1.10"
      }
    }
  }
}
